
Microsoft Visual Studio Solution File, Format Version 12.00
# Visual Studio Version 16
VisualStudioVersion = 16.0.30517.126
MinimumVisualStudioVersion = 10.0.40219.1
Project("{9A19103F-16F7-4668-BE54-9A1E7A4F7556}") = "Mystiska_Grottan", "Mystiska_Grottan\Mystiska_Grottan.csproj", "{92B3D185-BA59-4FBA-9DD5-3CA257F4E612}"
EndProject
Global
	GlobalSection(SolutionConfigurationPlatforms) = preSolution
		Debug|Any CPU = Debug|Any CPU
		Release|Any CPU = Release|Any CPU
	EndGlobalSection
	GlobalSection(ProjectConfigurationPlatforms) = postSolution
		{92B3D185-BA59-4FBA-9DD5-3CA257F4E612}.Debug|Any CPU.ActiveCfg = Debug|Any CPU
		{92B3D185-BA59-4FBA-9DD5-3CA257F4E612}.Debug|Any CPU.Build.0 = Debug|Any CPU
		{92B3D185-BA59-4FBA-9DD5-3CA257F4E612}.Release|Any CPU.ActiveCfg = Release|Any CPU
		{92B3D185-BA59-4FBA-9DD5-3CA257F4E612}.Release|Any CPU.Build.0 = Release|Any CPU
	EndGlobalSection
	GlobalSection(SolutionProperties) = preSolution
		HideSolutionNode = FALSE
	EndGlobalSection
	GlobalSection(ExtensibilityGlobals) = postSolution
		SolutionGuid = {F01E97FA-9F5A-4D5F-A3DE-1A545BA5F86D}
	EndGlobalSection
EndGlobal
